{
    "version": 3,
    "terraform_version": "0.11.7",
    "serial": 16,
    "lineage": "ae77ea7d-d707-8199-58c4-7440bbd07bc4",
    "modules": [
        {
            "path": [
                "root"
            ],
            "outputs": {},
            "resources": {
                "google_compute_instance.vm_instance": {
                    "type": "google_compute_instance",
                    "depends_on": [
                        "random_id.instance_id"
                    ],
                    "primary": {
                        "id": "jay-edbecd1b507b9fc9",
                        "attributes": {
                            "attached_disk.#": "0",
                            "boot_disk.#": "1",
                            "boot_disk.0.auto_delete": "true",
                            "boot_disk.0.device_name": "persistent-disk-0",
                            "boot_disk.0.disk_encryption_key_raw": "",
                            "boot_disk.0.disk_encryption_key_sha256": "",
                            "boot_disk.0.initialize_params.#": "1",
                            "boot_disk.0.initialize_params.0.image": "https://www.googleapis.com/compute/v1/projects/centos-cloud/global/images/centos-7-v20190326",
                            "boot_disk.0.initialize_params.0.size": "10",
                            "boot_disk.0.initialize_params.0.type": "pd-standard",
                            "boot_disk.0.source": "https://www.googleapis.com/compute/v1/projects/puppet-226118/zones/us-east1-b/disks/jay-edbecd1b507b9fc9",
                            "can_ip_forward": "false",
                            "cpu_platform": "Intel Haswell",
                            "deletion_protection": "false",
                            "guest_accelerator.#": "0",
                            "hostname": "",
                            "id": "jay-edbecd1b507b9fc9",
                            "instance_id": "5937386895529900702",
                            "label_fingerprint": "42WmSpB8rSM=",
                            "labels.%": "0",
                            "machine_type": "custom-1-1024",
                            "metadata.%": "0",
                            "metadata_fingerprint": "iEJ22uyCOs0=",
                            "metadata_startup_script": "",
                            "min_cpu_platform": "",
                            "name": "jay-edbecd1b507b9fc9",
                            "network_interface.#": "1",
                            "network_interface.0.access_config.#": "1",
                            "network_interface.0.access_config.0.assigned_nat_ip": "",
                            "network_interface.0.access_config.0.nat_ip": "35.237.49.238",
                            "network_interface.0.access_config.0.network_tier": "PREMIUM",
                            "network_interface.0.access_config.0.public_ptr_domain_name": "",
                            "network_interface.0.address": "",
                            "network_interface.0.alias_ip_range.#": "0",
                            "network_interface.0.name": "nic0",
                            "network_interface.0.network": "https://www.googleapis.com/compute/v1/projects/puppet-226118/global/networks/default",
                            "network_interface.0.network_ip": "10.142.0.17",
                            "network_interface.0.subnetwork": "https://www.googleapis.com/compute/v1/projects/puppet-226118/regions/us-east1/subnetworks/default",
                            "network_interface.0.subnetwork_project": "puppet-226118",
                            "project": "puppet-226118",
                            "scheduling.#": "1",
                            "scheduling.0.automatic_restart": "true",
                            "scheduling.0.on_host_maintenance": "MIGRATE",
                            "scheduling.0.preemptible": "false",
                            "scratch_disk.#": "0",
                            "self_link": "https://www.googleapis.com/compute/v1/projects/puppet-226118/zones/us-east1-b/instances/jay-edbecd1b507b9fc9",
                            "service_account.#": "0",
                            "tags.#": "1",
                            "tags.988335155": "http-server",
                            "tags_fingerprint": "FYLDgkTKlA4=",
                            "zone": "us-east1-b"
                        },
                        "meta": {
                            "e2bfb730-ecaa-11e6-8f88-34363bc7c4c0": {
                                "create": 360000000000,
                                "delete": 360000000000,
                                "update": 360000000000
                            },
                            "schema_version": "6"
                        },
                        "tainted": true
                    },
                    "deposed": [],
                    "provider": "provider.google"
                },
                "random_id.instance_id": {
                    "type": "random_id",
                    "depends_on": [],
                    "primary": {
                        "id": "7b7NG1B7n8k",
                        "attributes": {
                            "b64": "7b7NG1B7n8k",
                            "b64_std": "7b7NG1B7n8k=",
                            "b64_url": "7b7NG1B7n8k",
                            "byte_length": "8",
                            "dec": "17131355549762035657",
                            "hex": "edbecd1b507b9fc9",
                            "id": "7b7NG1B7n8k"
                        },
                        "meta": {},
                        "tainted": false
                    },
                    "deposed": [],
                    "provider": "provider.random"
                }
            },
            "depends_on": []
        }
    ]
}
