{
    "version": 3,
    "terraform_version": "0.11.7",
    "serial": 12,
    "lineage": "a6be9975-bcfd-e7b2-2ffd-4d764db0a6c9",
    "modules": [
        {
            "path": [
                "root"
            ],
            "outputs": {},
            "resources": {},
            "depends_on": []
        },
        {
            "path": [
                "root",
                "jaybucketfirst"
            ],
            "outputs": {
                "name": {
                    "sensitive": false,
                    "type": "string",
                    "value": ""
                },
                "self_link": {
                    "sensitive": false,
                    "type": "string",
                    "value": ""
                },
                "url": {
                    "sensitive": false,
                    "type": "string",
                    "value": ""
                }
            },
            "resources": {
                "data.google_client_config.default": {
                    "type": "google_client_config",
                    "depends_on": [],
                    "primary": {
                        "id": "2019-04-21 01:08:50.6966044 +0000 UTC",
                        "attributes": {
                            "access_token": "ya29.c.EmDyBvq3IU6f8hk1cL7QGF-HY-rXbjrvW_-hgsXK3Mbi65WSo0AboX4oVe87YZKPehv_wr6XK6fJyGC4aDBjmFG7l10fzpjfncpj0aaKw3Qw9MQOLdRTRgjUxL66vI8PEZA",
                            "id": "2019-04-21 01:08:50.6966044 +0000 UTC",
                            "project": "",
                            "region": ""
                        },
                        "meta": {},
                        "tainted": false
                    },
                    "deposed": [],
                    "provider": "module.jaybucketfirst.provider.google"
                },
                "google_storage_bucket.defaultwithlifecycle": {
                    "type": "google_storage_bucket",
                    "depends_on": [],
                    "primary": {
                        "id": "jayabalansecondbucketgcp",
                        "attributes": {
                            "cors.#": "0",
                            "encryption.#": "0",
                            "force_destroy": "true",
                            "id": "jayabalansecondbucketgcp",
                            "labels.%": "0",
                            "lifecycle_rule.#": "1",
                            "lifecycle_rule.0.action.#": "1",
                            "lifecycle_rule.0.action.4029382586.storage_class": "",
                            "lifecycle_rule.0.action.4029382586.type": "Delete",
                            "lifecycle_rule.0.condition.#": "1",
                            "lifecycle_rule.0.condition.1239095771.age": "10",
                            "lifecycle_rule.0.condition.1239095771.created_before": "",
                            "lifecycle_rule.0.condition.1239095771.is_live": "false",
                            "lifecycle_rule.0.condition.1239095771.matches_storage_class.#": "0",
                            "lifecycle_rule.0.condition.1239095771.num_newer_versions": "0",
                            "lifecycle_rule.0.condition.1239095771.with_state": "ARCHIVED",
                            "location": "US",
                            "logging.#": "0",
                            "name": "jayabalansecondbucketgcp",
                            "project": "puppet-226118",
                            "requester_pays": "false",
                            "self_link": "https://www.googleapis.com/storage/v1/b/jayabalansecondbucketgcp",
                            "storage_class": "MULTI_REGIONAL",
                            "url": "gs://jayabalansecondbucketgcp",
                            "versioning.#": "1",
                            "versioning.0.enabled": "false"
                        },
                        "meta": {},
                        "tainted": false
                    },
                    "deposed": [],
                    "provider": "module.jaybucketfirst.provider.google"
                },
                "google_storage_bucket_acl.default": {
                    "type": "google_storage_bucket_acl",
                    "depends_on": [
                        "google_storage_bucket.default.*",
                        "google_storage_bucket.defaultwithlifecycle.*"
                    ],
                    "primary": {
                        "id": "jayabalansecondbucketgcp-acl",
                        "attributes": {
                            "bucket": "jayabalansecondbucketgcp",
                            "default_acl": "projectPrivate",
                            "id": "jayabalansecondbucketgcp-acl",
                            "role_entity.#": "0"
                        },
                        "meta": {},
                        "tainted": false
                    },
                    "deposed": [],
                    "provider": "module.jaybucketfirst.provider.google"
                }
            },
            "depends_on": []
        },
        {
            "path": [
                "root",
                "jaybucketsecond"
            ],
            "outputs": {
                "name": {
                    "sensitive": false,
                    "type": "string",
                    "value": "jayabalanthirdbucketgcp"
                },
                "self_link": {
                    "sensitive": false,
                    "type": "string",
                    "value": "https://www.googleapis.com/storage/v1/b/jayabalanthirdbucketgcp"
                },
                "url": {
                    "sensitive": false,
                    "type": "string",
                    "value": "gs://jayabalanthirdbucketgcp"
                }
            },
            "resources": {
                "data.google_client_config.default": {
                    "type": "google_client_config",
                    "depends_on": [],
                    "primary": {
                        "id": "2019-04-21 01:08:50.6966044 +0000 UTC",
                        "attributes": {
                            "access_token": "ya29.c.EmDyBvq3IU6f8hk1cL7QGF-HY-rXbjrvW_-hgsXK3Mbi65WSo0AboX4oVe87YZKPehv_wr6XK6fJyGC4aDBjmFG7l10fzpjfncpj0aaKw3Qw9MQOLdRTRgjUxL66vI8PEZA",
                            "id": "2019-04-21 01:08:50.6966044 +0000 UTC",
                            "project": "",
                            "region": ""
                        },
                        "meta": {},
                        "tainted": false
                    },
                    "deposed": [],
                    "provider": "module.jaybucketsecond.provider.google"
                },
                "google_storage_bucket.default": {
                    "type": "google_storage_bucket",
                    "depends_on": [],
                    "primary": {
                        "id": "jayabalanthirdbucketgcp",
                        "attributes": {
                            "cors.#": "0",
                            "encryption.#": "0",
                            "force_destroy": "true",
                            "id": "jayabalanthirdbucketgcp",
                            "labels.%": "0",
                            "lifecycle_rule.#": "0",
                            "location": "US",
                            "logging.#": "0",
                            "name": "jayabalanthirdbucketgcp",
                            "project": "puppet-226118",
                            "requester_pays": "false",
                            "self_link": "https://www.googleapis.com/storage/v1/b/jayabalanthirdbucketgcp",
                            "storage_class": "MULTI_REGIONAL",
                            "url": "gs://jayabalanthirdbucketgcp",
                            "versioning.#": "1",
                            "versioning.0.enabled": "false"
                        },
                        "meta": {},
                        "tainted": false
                    },
                    "deposed": [],
                    "provider": "module.jaybucketsecond.provider.google"
                },
                "google_storage_bucket_acl.default": {
                    "type": "google_storage_bucket_acl",
                    "depends_on": [
                        "google_storage_bucket.default.*",
                        "google_storage_bucket.defaultwithlifecycle.*"
                    ],
                    "primary": {
                        "id": "jayabalanthirdbucketgcp-acl",
                        "attributes": {
                            "bucket": "jayabalanthirdbucketgcp",
                            "default_acl": "projectPrivate",
                            "id": "jayabalanthirdbucketgcp-acl",
                            "role_entity.#": "0"
                        },
                        "meta": {},
                        "tainted": false
                    },
                    "deposed": [],
                    "provider": "module.jaybucketsecond.provider.google"
                }
            },
            "depends_on": []
        }
    ]
}
